<?xml version="1.0" encoding="utf-8"?>
<Project ToolsVersion="4.0" xmlns="http://schemas.microsoft.com/developer/msbuild/2003">
  <ItemGroup>
    <Filter Include="src">
      <UniqueIdentifier>{a05e95e0-a395-4a3c-9bd7-b67e88b7bbe4}</UniqueIdentifier>
    </Filter>
    <Filter Include="src\crypto">
      <UniqueIdentifier>{a9066323-4c0b-4a97-9302-190f976d456d}</UniqueIdentifier>
    </Filter>
    <Filter Include="src\hash">
      <UniqueIdentifier>{908f936c-b6e2-4a38-8df7-bc35068ce40d}</UniqueIdentifier>
    </Filter>
    <Filter Include="src\common">
      <UniqueIdentifier>{9950b098-1089-4aca-9ca4-060c15e3c976}</UniqueIdentifier>
    </Filter>
    <Filter Include="include">
      <UniqueIdentifier>{25b22259-4e59-49a2-8928-89d25d933491}</UniqueIdentifier>
    </Filter>
    <Filter Include="include\common">
      <UniqueIdentifier>{e5e0f1ae-f976-4388-bc49-d4e089e4322e}</UniqueIdentifier>
    </Filter>
    <Filter Include="include\crypto">
      <UniqueIdentifier>{6887c1d4-fa9c-4cdb-bdbb-19cea36f234e}</UniqueIdentifier>
    </Filter>
    <Filter Include="include\hash">
      <UniqueIdentifier>{ae9d4f2f-6d90-4dfb-b0c4-a81666a84757}</UniqueIdentifier>
    </Filter>
    <Filter Include="src\crypto\mode">
      <UniqueIdentifier>{fffa3c2c-5889-47c4-ac40-e2a8a543fa99}</UniqueIdentifier>
    </Filter>
    <Filter Include="src\crypto\seckey">
      <UniqueIdentifier>{9485a417-4ee3-49f6-83ac-91a545dd4b7e}</UniqueIdentifier>
    </Filter>
    <Filter Include="src\crypto\pubkey">
      <UniqueIdentifier>{b596b397-397d-4e25-b3eb-3149babb30c5}</UniqueIdentifier>
    </Filter>
    <Filter Include="include\crypto\secret_key">
      <UniqueIdentifier>{1dfcabf5-7ec7-4f5d-bbd9-7e65e7f46848}</UniqueIdentifier>
    </Filter>
    <Filter Include="include\crypto\public_key">
      <UniqueIdentifier>{68109000-b864-4f89-b0d2-dddba7891b91}</UniqueIdentifier>
    </Filter>
    <Filter Include="include\crypto\mode">
      <UniqueIdentifier>{46c0865c-d25b-4970-9d3b-dbd6f8206705}</UniqueIdentifier>
    </Filter>
  </ItemGroup>
  <ItemGroup>
    <ClInclude Include="src\include\cryptography.h">
      <Filter>include</Filter>
    </ClInclude>
    <ClInclude Include="src\include\common\base64.h">
      <Filter>include\common</Filter>
    </ClInclude>
    <ClInclude Include="src\include\common\byte_utill.h">
      <Filter>include\common</Filter>
    </ClInclude>
    <ClInclude Include="src\include\common\bit_utill.h">
      <Filter>include\common</Filter>
    </ClInclude>
    <ClInclude Include="src\include\common\defs.h">
      <Filter>include\common</Filter>
    </ClInclude>
    <ClInclude Include="src\include\common\simd.h">
      <Filter>include\common</Filter>
    </ClInclude>
    <ClInclude Include="src\include\crypto\secret_key\aes.h">
      <Filter>include\crypto\secret_key</Filter>
    </ClInclude>
    <ClInclude Include="src\include\crypto\secret_key\camellia.h">
      <Filter>include\crypto\secret_key</Filter>
    </ClInclude>
    <ClInclude Include="src\include\crypto\secret_key\cast128.h">
      <Filter>include\crypto\secret_key</Filter>
    </ClInclude>
    <ClInclude Include="src\include\crypto\secret_key\cast256.h">
      <Filter>include\crypto\secret_key</Filter>
    </ClInclude>
    <ClInclude Include="src\include\crypto\secret_key\des.h">
      <Filter>include\crypto\secret_key</Filter>
    </ClInclude>
    <ClInclude Include="src\include\crypto\secret_key\rc6.h">
      <Filter>include\crypto\secret_key</Filter>
    </ClInclude>
    <ClInclude Include="src\include\crypto\secret_key\secret_key_base.h">
      <Filter>include\crypto\secret_key</Filter>
    </ClInclude>
    <ClInclude Include="src\include\crypto\secret_key\seed.h">
      <Filter>include\crypto\secret_key</Filter>
    </ClInclude>
    <ClInclude Include="src\include\crypto\secret_key\twofish.h">
      <Filter>include\crypto\secret_key</Filter>
    </ClInclude>
    <ClInclude Include="src\include\crypto\public_key\rsa.h">
      <Filter>include\crypto\public_key</Filter>
    </ClInclude>
    <ClInclude Include="src\include\crypto\mode\ecb.h">
      <Filter>include\crypto\mode</Filter>
    </ClInclude>
    <ClInclude Include="src\include\crypto\mode\mode.h">
      <Filter>include\crypto\mode</Filter>
    </ClInclude>
    <ClInclude Include="src\include\crypto\secret_key\secret_key.h">
      <Filter>include\crypto\secret_key</Filter>
    </ClInclude>
  </ItemGroup>
  <ItemGroup>
    <ClCompile Include="src\common\base64.cc">
      <Filter>src\common</Filter>
    </ClCompile>
    <ClCompile Include="src\crypto\secret_key\aes.cc">
      <Filter>src\crypto\seckey</Filter>
    </ClCompile>
    <ClCompile Include="src\crypto\secret_key\aes_ni.cc">
      <Filter>src\crypto\seckey</Filter>
    </ClCompile>
    <ClCompile Include="src\crypto\secret_key\camellia.cc">
      <Filter>src\crypto\seckey</Filter>
    </ClCompile>
    <ClCompile Include="src\crypto\secret_key\cast128.cc">
      <Filter>src\crypto\seckey</Filter>
    </ClCompile>
    <ClCompile Include="src\crypto\secret_key\cast256.cc">
      <Filter>src\crypto\seckey</Filter>
    </ClCompile>
    <ClCompile Include="src\crypto\secret_key\des.cc">
      <Filter>src\crypto\seckey</Filter>
    </ClCompile>
    <ClCompile Include="src\crypto\secret_key\rc6.cc">
      <Filter>src\crypto\seckey</Filter>
    </ClCompile>
    <ClCompile Include="src\crypto\secret_key\seed.cc">
      <Filter>src\crypto\seckey</Filter>
    </ClCompile>
    <ClCompile Include="src\crypto\secret_key\twofish.cc">
      <Filter>src\crypto\seckey</Filter>
    </ClCompile>
    <ClCompile Include="src\crypto\public_key\rsa.cc">
      <Filter>src\crypto\pubkey</Filter>
    </ClCompile>
    <ClCompile Include="src\crypto\mode\ecb.cc">
      <Filter>src\crypto\mode</Filter>
    </ClCompile>
    <ClCompile Include="src\crypto\secret_key\aes_base.cc">
      <Filter>src\crypto\seckey</Filter>
    </ClCompile>
  </ItemGroup>
</Project>